
Microsoft Visual Studio Solution File, Format Version 12.00
# Visual Studio Version 16
VisualStudioVersion = 16.0.29926.136
MinimumVisualStudioVersion = 10.0.40219.1
Project("{FAE04EC0-301F-11D3-BF4B-00C04F79EFBC}") = "chess.Puzzle.admin", "chess.Puzzle.admin.csproj", "{D7885F01-FB47-4410-80E5-C6C2897EEAEC}"
EndProject
Project("{FAE04EC0-301F-11D3-BF4B-00C04F79EFBC}") = "amGlobals", "..\amGlobals\amGlobals.csproj", "{A69600FB-8789-4A7F-AED7-F22B6AEE9AB3}"
EndProject
Global
	GlobalSection(SolutionConfigurationPlatforms) = preSolution
		Debug|Any CPU = Debug|Any CPU
		Designer|Any CPU = Designer|Any CPU
		Release|Any CPU = Release|Any CPU
	EndGlobalSection
	GlobalSection(ProjectConfigurationPlatforms) = postSolution
		{D7885F01-FB47-4410-80E5-C6C2897EEAEC}.Debug|Any CPU.ActiveCfg = Debug|Any CPU
		{D7885F01-FB47-4410-80E5-C6C2897EEAEC}.Debug|Any CPU.Build.0 = Debug|Any CPU
		{D7885F01-FB47-4410-80E5-C6C2897EEAEC}.Designer|Any CPU.ActiveCfg = Debug|Any CPU
		{D7885F01-FB47-4410-80E5-C6C2897EEAEC}.Designer|Any CPU.Build.0 = Debug|Any CPU
		{D7885F01-FB47-4410-80E5-C6C2897EEAEC}.Release|Any CPU.ActiveCfg = Release|Any CPU
		{D7885F01-FB47-4410-80E5-C6C2897EEAEC}.Release|Any CPU.Build.0 = Release|Any CPU
		{A69600FB-8789-4A7F-AED7-F22B6AEE9AB3}.Debug|Any CPU.ActiveCfg = Debug|Any CPU
		{A69600FB-8789-4A7F-AED7-F22B6AEE9AB3}.Debug|Any CPU.Build.0 = Debug|Any CPU
		{A69600FB-8789-4A7F-AED7-F22B6AEE9AB3}.Designer|Any CPU.ActiveCfg = Designer|Any CPU
		{A69600FB-8789-4A7F-AED7-F22B6AEE9AB3}.Designer|Any CPU.Build.0 = Designer|Any CPU
		{A69600FB-8789-4A7F-AED7-F22B6AEE9AB3}.Release|Any CPU.ActiveCfg = Release|Any CPU
		{A69600FB-8789-4A7F-AED7-F22B6AEE9AB3}.Release|Any CPU.Build.0 = Release|Any CPU
	EndGlobalSection
	GlobalSection(SolutionProperties) = preSolution
		HideSolutionNode = FALSE
	EndGlobalSection
	GlobalSection(ExtensibilityGlobals) = postSolution
		SolutionGuid = {6F36DC77-8F8B-4350-8839-FB4F2FE73689}
	EndGlobalSection
	GlobalSection(TeamFoundationVersionControl) = preSolution
		SccNumberOfProjects = 2
		SccEnterpriseProvider = {4CA58AB2-18FA-4F8D-95D4-32DDF27D184C}
		SccTeamFoundationServer = http://server.ultrazoom.ru:8080/tfs/defaultcollection
		SccProjectUniqueName0 = chess.Puzzle.admin.csproj
		SccProjectName0 = .
		SccAuxPath0 = http://server.ultrazoom.ru:8080/tfs/defaultcollection
		SccLocalPath0 = .
		SccProvider0 = {4CA58AB2-18FA-4F8D-95D4-32DDF27D184C}
		SccProjectUniqueName1 = ..\\amGlobals\\amGlobals.csproj
		SccProjectName1 = ../amGlobals
		SccAuxPath1 = http://server.ultrazoom.ru:8080/tfs/defaultcollection
		SccLocalPath1 = ..\\amGlobals
		SccProvider1 = {4CA58AB2-18FA-4F8D-95D4-32DDF27D184C}
	EndGlobalSection
EndGlobal
